Microsoft Visual Studio Solution File, Format Version 12.00
# Visual Studio Version 17
VisualStudioVersion = 17.3.32929.385
MinimumVisualStudioVersion = 10.0.40219.1
Project("{9A19103F-16F7-4668-BE54-9A1E7A4F7556}") = "Tesseract", "Tesseract\Tesseract.csproj", "{AB8F7CF1-E75B-4BD3-8853-2348ECDEA969}"
EndProject
Project("{2150E333-8FDC-42A3-9474-1A3956D46DE8}") = "Solution Items", "Solution Items", "{15BA8F27-7868-4A18-BDC6-EBC93A76A18C}"
	ProjectSection(SolutionItems) = preProject
		..\ReadMe.md = ..\ReadMe.md
	EndProjectSection
EndProject
Project("{9A19103F-16F7-4668-BE54-9A1E7A4F7556}") = "Tesseract.Net80Tests", "Tesseract.Net80Tests\Tesseract.Net80Tests.csproj", "{C676C3D3-C1A1-4361-8DD3-A3718D1A1D62}"
EndProject
Project("{9A19103F-16F7-4668-BE54-9A1E7A4F7556}") = "Tesseract.Interop", "Tesseract.Interop\Tesseract.Interop.csproj", "{7B687543-CCD4-4BD0-809F-93200E19A204}"
EndProject
Project("{9A19103F-16F7-4668-BE54-9A1E7A4F7556}") = "Tesseract.Internal", "Tesseract.Internal\Tesseract.Internal.csproj", "{B47CC000-AE33-44BE-B0CA-D4BF4726480A}"
EndProject
Project("{9A19103F-16F7-4668-BE54-9A1E7A4F7556}") = "Tesseract.Abstractions", "Tesseract.Abstractions\Tesseract.Abstractions.csproj", "{CB6D12A2-880D-4C15-B0C8-32B1C0CADCC9}"
EndProject
Project("{FAE04EC0-301F-11D3-BF4B-00C04F79EFBC}") = "Tesseract.Resources", "Tesseract.Resources\Tesseract.Resources.csproj", "{DF9A9B28-FD75-4AC4-929F-C2B8CBA3F1A3}"
EndProject
Global
	GlobalSection(SolutionConfigurationPlatforms) = preSolution
		Debug|Any CPU = Debug|Any CPU
		Debug|x64 = Debug|x64
		Debug|x86 = Debug|x86
		Release|Any CPU = Release|Any CPU
		Release|x64 = Release|x64
		Release|x86 = Release|x86
	EndGlobalSection
	GlobalSection(ProjectConfigurationPlatforms) = postSolution
		{AB8F7CF1-E75B-4BD3-8853-2348ECDEA969}.Debug|Any CPU.ActiveCfg = Debug|Any CPU
		{AB8F7CF1-E75B-4BD3-8853-2348ECDEA969}.Debug|Any CPU.Build.0 = Debug|Any CPU
		{AB8F7CF1-E75B-4BD3-8853-2348ECDEA969}.Debug|x64.ActiveCfg = Debug|Any CPU
		{AB8F7CF1-E75B-4BD3-8853-2348ECDEA969}.Debug|x64.Build.0 = Debug|Any CPU
		{AB8F7CF1-E75B-4BD3-8853-2348ECDEA969}.Debug|x86.ActiveCfg = Debug|Any CPU
		{AB8F7CF1-E75B-4BD3-8853-2348ECDEA969}.Debug|x86.Build.0 = Debug|Any CPU
		{AB8F7CF1-E75B-4BD3-8853-2348ECDEA969}.Release|Any CPU.ActiveCfg = Release|Any CPU
		{AB8F7CF1-E75B-4BD3-8853-2348ECDEA969}.Release|Any CPU.Build.0 = Release|Any CPU
		{AB8F7CF1-E75B-4BD3-8853-2348ECDEA969}.Release|x64.ActiveCfg = Release|Any CPU
		{AB8F7CF1-E75B-4BD3-8853-2348ECDEA969}.Release|x64.Build.0 = Release|Any CPU
		{AB8F7CF1-E75B-4BD3-8853-2348ECDEA969}.Release|x86.ActiveCfg = Release|Any CPU
		{AB8F7CF1-E75B-4BD3-8853-2348ECDEA969}.Release|x86.Build.0 = Release|Any CPU
		{C676C3D3-C1A1-4361-8DD3-A3718D1A1D62}.Debug|Any CPU.ActiveCfg = Debug|Any CPU
		{C676C3D3-C1A1-4361-8DD3-A3718D1A1D62}.Debug|Any CPU.Build.0 = Debug|Any CPU
		{C676C3D3-C1A1-4361-8DD3-A3718D1A1D62}.Debug|x64.ActiveCfg = Debug|Any CPU
		{C676C3D3-C1A1-4361-8DD3-A3718D1A1D62}.Debug|x64.Build.0 = Debug|Any CPU
		{C676C3D3-C1A1-4361-8DD3-A3718D1A1D62}.Debug|x86.ActiveCfg = Debug|Any CPU
		{C676C3D3-C1A1-4361-8DD3-A3718D1A1D62}.Debug|x86.Build.0 = Debug|Any CPU
		{C676C3D3-C1A1-4361-8DD3-A3718D1A1D62}.Release|Any CPU.ActiveCfg = Release|Any CPU
		{C676C3D3-C1A1-4361-8DD3-A3718D1A1D62}.Release|Any CPU.Build.0 = Release|Any CPU
		{C676C3D3-C1A1-4361-8DD3-A3718D1A1D62}.Release|x64.ActiveCfg = Release|Any CPU
		{C676C3D3-C1A1-4361-8DD3-A3718D1A1D62}.Release|x64.Build.0 = Release|Any CPU
		{C676C3D3-C1A1-4361-8DD3-A3718D1A1D62}.Release|x86.ActiveCfg = Release|Any CPU
		{C676C3D3-C1A1-4361-8DD3-A3718D1A1D62}.Release|x86.Build.0 = Release|Any CPU
		{7B687543-CCD4-4BD0-809F-93200E19A204}.Debug|Any CPU.ActiveCfg = Debug|Any CPU
		{7B687543-CCD4-4BD0-809F-93200E19A204}.Debug|Any CPU.Build.0 = Debug|Any CPU
		{7B687543-CCD4-4BD0-809F-93200E19A204}.Debug|x64.ActiveCfg = Debug|Any CPU
		{7B687543-CCD4-4BD0-809F-93200E19A204}.Debug|x64.Build.0 = Debug|Any CPU
		{7B687543-CCD4-4BD0-809F-93200E19A204}.Debug|x86.ActiveCfg = Debug|Any CPU
		{7B687543-CCD4-4BD0-809F-93200E19A204}.Debug|x86.Build.0 = Debug|Any CPU
		{7B687543-CCD4-4BD0-809F-93200E19A204}.Release|Any CPU.ActiveCfg = Release|Any CPU
		{7B687543-CCD4-4BD0-809F-93200E19A204}.Release|Any CPU.Build.0 = Release|Any CPU
		{7B687543-CCD4-4BD0-809F-93200E19A204}.Release|x64.ActiveCfg = Release|Any CPU
		{7B687543-CCD4-4BD0-809F-93200E19A204}.Release|x64.Build.0 = Release|Any CPU
		{7B687543-CCD4-4BD0-809F-93200E19A204}.Release|x86.ActiveCfg = Release|Any CPU
		{7B687543-CCD4-4BD0-809F-93200E19A204}.Release|x86.Build.0 = Release|Any CPU
		{B47CC000-AE33-44BE-B0CA-D4BF4726480A}.Debug|Any CPU.ActiveCfg = Debug|Any CPU
		{B47CC000-AE33-44BE-B0CA-D4BF4726480A}.Debug|Any CPU.Build.0 = Debug|Any CPU
		{B47CC000-AE33-44BE-B0CA-D4BF4726480A}.Debug|x64.ActiveCfg = Debug|Any CPU
		{B47CC000-AE33-44BE-B0CA-D4BF4726480A}.Debug|x64.Build.0 = Debug|Any CPU
		{B47CC000-AE33-44BE-B0CA-D4BF4726480A}.Debug|x86.ActiveCfg = Debug|Any CPU
		{B47CC000-AE33-44BE-B0CA-D4BF4726480A}.Debug|x86.Build.0 = Debug|Any CPU
		{B47CC000-AE33-44BE-B0CA-D4BF4726480A}.Release|Any CPU.ActiveCfg = Release|Any CPU
		{B47CC000-AE33-44BE-B0CA-D4BF4726480A}.Release|Any CPU.Build.0 = Release|Any CPU
		{B47CC000-AE33-44BE-B0CA-D4BF4726480A}.Release|x64.ActiveCfg = Release|Any CPU
		{B47CC000-AE33-44BE-B0CA-D4BF4726480A}.Release|x64.Build.0 = Release|Any CPU
		{B47CC000-AE33-44BE-B0CA-D4BF4726480A}.Release|x86.ActiveCfg = Release|Any CPU
		{B47CC000-AE33-44BE-B0CA-D4BF4726480A}.Release|x86.Build.0 = Release|Any CPU
		{CB6D12A2-880D-4C15-B0C8-32B1C0CADCC9}.Debug|Any CPU.ActiveCfg = Debug|Any CPU
		{CB6D12A2-880D-4C15-B0C8-32B1C0CADCC9}.Debug|Any CPU.Build.0 = Debug|Any CPU
		{CB6D12A2-880D-4C15-B0C8-32B1C0CADCC9}.Debug|x64.ActiveCfg = Debug|Any CPU
		{CB6D12A2-880D-4C15-B0C8-32B1C0CADCC9}.Debug|x64.Build.0 = Debug|Any CPU
		{CB6D12A2-880D-4C15-B0C8-32B1C0CADCC9}.Debug|x86.ActiveCfg = Debug|Any CPU
		{CB6D12A2-880D-4C15-B0C8-32B1C0CADCC9}.Debug|x86.Build.0 = Debug|Any CPU
		{CB6D12A2-880D-4C15-B0C8-32B1C0CADCC9}.Release|Any CPU.ActiveCfg = Release|Any CPU
		{CB6D12A2-880D-4C15-B0C8-32B1C0CADCC9}.Release|Any CPU.Build.0 = Release|Any CPU
		{CB6D12A2-880D-4C15-B0C8-32B1C0CADCC9}.Release|x64.ActiveCfg = Release|Any CPU
		{CB6D12A2-880D-4C15-B0C8-32B1C0CADCC9}.Release|x64.Build.0 = Release|Any CPU
		{CB6D12A2-880D-4C15-B0C8-32B1C0CADCC9}.Release|x86.ActiveCfg = Release|Any CPU
		{CB6D12A2-880D-4C15-B0C8-32B1C0CADCC9}.Release|x86.Build.0 = Release|Any CPU
		{DF9A9B28-FD75-4AC4-929F-C2B8CBA3F1A3}.Debug|Any CPU.ActiveCfg = Debug|Any CPU
		{DF9A9B28-FD75-4AC4-929F-C2B8CBA3F1A3}.Debug|Any CPU.Build.0 = Debug|Any CPU
		{DF9A9B28-FD75-4AC4-929F-C2B8CBA3F1A3}.Debug|x64.ActiveCfg = Debug|Any CPU
		{DF9A9B28-FD75-4AC4-929F-C2B8CBA3F1A3}.Debug|x64.Build.0 = Debug|Any CPU
		{DF9A9B28-FD75-4AC4-929F-C2B8CBA3F1A3}.Debug|x86.ActiveCfg = Debug|Any CPU
		{DF9A9B28-FD75-4AC4-929F-C2B8CBA3F1A3}.Debug|x86.Build.0 = Debug|Any CPU
		{DF9A9B28-FD75-4AC4-929F-C2B8CBA3F1A3}.Release|Any CPU.ActiveCfg = Release|Any CPU
		{DF9A9B28-FD75-4AC4-929F-C2B8CBA3F1A3}.Release|Any CPU.Build.0 = Release|Any CPU
		{DF9A9B28-FD75-4AC4-929F-C2B8CBA3F1A3}.Release|x64.ActiveCfg = Release|Any CPU
		{DF9A9B28-FD75-4AC4-929F-C2B8CBA3F1A3}.Release|x64.Build.0 = Release|Any CPU
		{DF9A9B28-FD75-4AC4-929F-C2B8CBA3F1A3}.Release|x86.ActiveCfg = Release|Any CPU
		{DF9A9B28-FD75-4AC4-929F-C2B8CBA3F1A3}.Release|x86.Build.0 = Release|Any CPU
	EndGlobalSection
	GlobalSection(SolutionProperties) = preSolution
		HideSolutionNode = FALSE
	EndGlobalSection
	GlobalSection(ExtensibilityGlobals) = postSolution
		SolutionGuid = {8BDBCC8B-C0BA-463D-8269-69044499F505}
	EndGlobalSection
EndGlobal
